dependencies:
- name: assets-manager
  repository: file://../../services/assets-manager
  version: 0.1.0
- name: render
  repository: file://../../services/render
  version: 0.1.0
- name: registry
  repository: file://../../services/registry
  version: 0.1.0
- name: mongo-db
  repository: file://../../services/mongo-db
  version: 0.1.0
- name: reporter
  repository: file://../../services/reporter
  version: 0.1.0
- name: influx-db
  repository: file://../../services/influx-db
  version: 0.1.0
- name: collector-dynamic
  repository: file://../../services/collector-dynamic
  version: 0.1.0
- name: dashboard
  repository: file://../../services/dashboard
  version: 0.1.0
- name: director
  repository: file://../../services/director
  version: 0.1.0
- name: prometheus
  repository: file://../../services/prometheus
  version: 0.1.0
digest: sha256:bf9af1a6941cdc432f85a96eeb2ba1184f62bdfafb15af3ba761673b5ba966a6
generated: "2022-02-09T00:09:32.0225559+01:00"
